
Microsoft Visual Studio Solution File, Format Version 12.00
# Visual Studio Version 17
VisualStudioVersion = 17.14.36203.30 d17.14
MinimumVisualStudioVersion = 10.0.40219.1
Project("{FAE04EC0-301F-11D3-BF4B-00C04F79EFBC}") = "primeiro-projeto", "primeiro-projeto\primeiro-projeto.csproj", "{066807CB-1CAA-49B0-868A-DE2C14602775}"
EndProject
Global
	GlobalSection(SolutionConfigurationPlatforms) = preSolution
		Debug|Any CPU = Debug|Any CPU
		Release|Any CPU = Release|Any CPU
	EndGlobalSection
	GlobalSection(ProjectConfigurationPlatforms) = postSolution
		{066807CB-1CAA-49B0-868A-DE2C14602775}.Debug|Any CPU.ActiveCfg = Debug|Any CPU
		{066807CB-1CAA-49B0-868A-DE2C14602775}.Debug|Any CPU.Build.0 = Debug|Any CPU
		{066807CB-1CAA-49B0-868A-DE2C14602775}.Release|Any CPU.ActiveCfg = Release|Any CPU
		{066807CB-1CAA-49B0-868A-DE2C14602775}.Release|Any CPU.Build.0 = Release|Any CPU
	EndGlobalSection
	GlobalSection(SolutionProperties) = preSolution
		HideSolutionNode = FALSE
	EndGlobalSection
	GlobalSection(ExtensibilityGlobals) = postSolution
		SolutionGuid = {B9F08ABD-D782-4E4C-8C98-F5D96514B0D5}
	EndGlobalSection
EndGlobal
